
Microsoft Visual Studio Solution File, Format Version 12.00
# Visual Studio Version 16
VisualStudioVersion = 16.0.31402.337
MinimumVisualStudioVersion = 10.0.40219.1
Project("{FAE04EC0-301F-11D3-BF4B-00C04F79EFBC}") = "ProyectoFinal", "ProyectoFinal\ProyectoFinal.csproj", "{C8138AA4-2844-4A23-8B22-C5BEFEFE59DE}"
EndProject
Global
	GlobalSection(SolutionConfigurationPlatforms) = preSolution
		Debug|Any CPU = Debug|Any CPU
		Release|Any CPU = Release|Any CPU
	EndGlobalSection
	GlobalSection(ProjectConfigurationPlatforms) = postSolution
		{C8138AA4-2844-4A23-8B22-C5BEFEFE59DE}.Debug|Any CPU.ActiveCfg = Debug|Any CPU
		{C8138AA4-2844-4A23-8B22-C5BEFEFE59DE}.Debug|Any CPU.Build.0 = Debug|Any CPU
		{C8138AA4-2844-4A23-8B22-C5BEFEFE59DE}.Release|Any CPU.ActiveCfg = Release|Any CPU
		{C8138AA4-2844-4A23-8B22-C5BEFEFE59DE}.Release|Any CPU.Build.0 = Release|Any CPU
	EndGlobalSection
	GlobalSection(SolutionProperties) = preSolution
		HideSolutionNode = FALSE
	EndGlobalSection
	GlobalSection(ExtensibilityGlobals) = postSolution
		SolutionGuid = {0BAF7AC2-C246-4E15-A929-5FAE57AD9D83}
	EndGlobalSection
EndGlobal
