
Microsoft Visual Studio Solution File, Format Version 12.00
# Visual Studio Version 16
VisualStudioVersion = 16.0.31424.327
MinimumVisualStudioVersion = 10.0.40219.1
Project("{FAE04EC0-301F-11D3-BF4B-00C04F79EFBC}") = "Ventanas1", "Messages\Ventanas1.csproj", "{9BDCB123-2483-42A2-9F2C-3ECAD2594A5E}"
EndProject
Project("{FAE04EC0-301F-11D3-BF4B-00C04F79EFBC}") = "Biblioteca", "Biblioteca\Biblioteca.csproj", "{7AB48D8E-FA89-4EB3-8AD9-B6E849CA4764}"
EndProject
Global
	GlobalSection(SolutionConfigurationPlatforms) = preSolution
		Debug|Any CPU = Debug|Any CPU
		Release|Any CPU = Release|Any CPU
	EndGlobalSection
	GlobalSection(ProjectConfigurationPlatforms) = postSolution
		{9BDCB123-2483-42A2-9F2C-3ECAD2594A5E}.Debug|Any CPU.ActiveCfg = Debug|Any CPU
		{9BDCB123-2483-42A2-9F2C-3ECAD2594A5E}.Debug|Any CPU.Build.0 = Debug|Any CPU
		{9BDCB123-2483-42A2-9F2C-3ECAD2594A5E}.Release|Any CPU.ActiveCfg = Release|Any CPU
		{9BDCB123-2483-42A2-9F2C-3ECAD2594A5E}.Release|Any CPU.Build.0 = Release|Any CPU
		{7AB48D8E-FA89-4EB3-8AD9-B6E849CA4764}.Debug|Any CPU.ActiveCfg = Debug|Any CPU
		{7AB48D8E-FA89-4EB3-8AD9-B6E849CA4764}.Debug|Any CPU.Build.0 = Debug|Any CPU
		{7AB48D8E-FA89-4EB3-8AD9-B6E849CA4764}.Release|Any CPU.ActiveCfg = Release|Any CPU
		{7AB48D8E-FA89-4EB3-8AD9-B6E849CA4764}.Release|Any CPU.Build.0 = Release|Any CPU
	EndGlobalSection
	GlobalSection(SolutionProperties) = preSolution
		HideSolutionNode = FALSE
	EndGlobalSection
	GlobalSection(ExtensibilityGlobals) = postSolution
		SolutionGuid = {84CF83BD-BC22-4003-8B59-CD4F5A7636D5}
	EndGlobalSection
EndGlobal
